
Microsoft Visual Studio Solution File, Format Version 11.00
# Visual Studio 2010
Project("{FAE04EC0-301F-11D3-BF4B-00C04F79EFBC}") = "MxPOS10", "MxPOS10\MxPOS10.csproj", "{B376793E-AE23-4E8C-8A23-61BDEA31DFAB}"
EndProject
Global
	GlobalSection(SolutionConfigurationPlatforms) = preSolution
		Debug|Any CPU = Debug|Any CPU
		Release|Any CPU = Release|Any CPU
	EndGlobalSection
	GlobalSection(ProjectConfigurationPlatforms) = postSolution
		{B376793E-AE23-4E8C-8A23-61BDEA31DFAB}.Debug|Any CPU.ActiveCfg = Debug|Any CPU
		{B376793E-AE23-4E8C-8A23-61BDEA31DFAB}.Debug|Any CPU.Build.0 = Debug|Any CPU
		{B376793E-AE23-4E8C-8A23-61BDEA31DFAB}.Release|Any CPU.ActiveCfg = Release|Any CPU
		{B376793E-AE23-4E8C-8A23-61BDEA31DFAB}.Release|Any CPU.Build.0 = Release|Any CPU
	EndGlobalSection
	GlobalSection(SolutionProperties) = preSolution
		HideSolutionNode = FALSE
	EndGlobalSection
EndGlobal
